
Microsoft Visual Studio Solution File, Format Version 12.00
# Visual Studio 15
VisualStudioVersion = 15.0.27703.2042
MinimumVisualStudioVersion = 10.0.40219.1
Project("{9A19103F-16F7-4668-BE54-9A1E7A4F7556}") = "TMS.Data", "TMS.Data\TMS.Data.csproj", "{5E51B665-3189-41EB-9050-5EE487A85BC6}"
EndProject
Project("{9A19103F-16F7-4668-BE54-9A1E7A4F7556}") = "TMS.Business", "TMS.Business\TMS.Business.csproj", "{918CAB0B-E422-4BF5-AAE7-1AC963DF932F}"
EndProject
Project("{9A19103F-16F7-4668-BE54-9A1E7A4F7556}") = "TMS.Entities", "TMS.Entities\TMS.Entities.csproj", "{31E43129-B51E-408C-97A3-C1CE99A040EB}"
EndProject
Project("{9A19103F-16F7-4668-BE54-9A1E7A4F7556}") = "TMS.Interfaces", "TMS.Interfaces\TMS.Interfaces.csproj", "{D457C777-5AC8-476C-B797-1CA3E052564A}"
EndProject
Project("{9A19103F-16F7-4668-BE54-9A1E7A4F7556}") = "TMS.Tests", "TMS.Tests\TMS.Tests.csproj", "{5FD1B441-3102-4FAA-8BE2-C2606AF35312}"
EndProject
Project("{9A19103F-16F7-4668-BE54-9A1E7A4F7556}") = "TMS.EntitiesDTO", "TMS.EntitiesDTO\TMS.EntitiesDTO.csproj", "{1C09E172-BD5B-4E30-B04B-E34B3872112D}"
EndProject
Project("{9A19103F-16F7-4668-BE54-9A1E7A4F7556}") = "TMS.Bootstrap", "TMS.Bootstrap\TMS.Bootstrap.csproj", "{2DF17980-48C5-423C-B254-D743AAC4ACF8}"
EndProject
Project("{2150E333-8FDC-42A3-9474-1A3956D46DE8}") = "Solution Items", "Solution Items", "{CB68B80B-C16F-456C-999B-8B47C7EAA08E}"
	ProjectSection(SolutionItems) = preProject
		.gitignore = .gitignore
	EndProjectSection
EndProject
Project("{9A19103F-16F7-4668-BE54-9A1E7A4F7556}") = "TMS.Web", "TMS.Web\TMS.Web.csproj", "{ABA0FE09-7B13-4D8F-A448-0C507A7B60D2}"
EndProject
Global
	GlobalSection(SolutionConfigurationPlatforms) = preSolution
		Debug|Any CPU = Debug|Any CPU
		Debug|ARM = Debug|ARM
		Debug|x64 = Debug|x64
		Debug|x86 = Debug|x86
		Release|Any CPU = Release|Any CPU
		Release|ARM = Release|ARM
		Release|x64 = Release|x64
		Release|x86 = Release|x86
	EndGlobalSection
	GlobalSection(ProjectConfigurationPlatforms) = postSolution
		{5E51B665-3189-41EB-9050-5EE487A85BC6}.Debug|Any CPU.ActiveCfg = Debug|Any CPU
		{5E51B665-3189-41EB-9050-5EE487A85BC6}.Debug|Any CPU.Build.0 = Debug|Any CPU
		{5E51B665-3189-41EB-9050-5EE487A85BC6}.Debug|ARM.ActiveCfg = Debug|Any CPU
		{5E51B665-3189-41EB-9050-5EE487A85BC6}.Debug|ARM.Build.0 = Debug|Any CPU
		{5E51B665-3189-41EB-9050-5EE487A85BC6}.Debug|x64.ActiveCfg = Debug|Any CPU
		{5E51B665-3189-41EB-9050-5EE487A85BC6}.Debug|x64.Build.0 = Debug|Any CPU
		{5E51B665-3189-41EB-9050-5EE487A85BC6}.Debug|x86.ActiveCfg = Debug|Any CPU
		{5E51B665-3189-41EB-9050-5EE487A85BC6}.Debug|x86.Build.0 = Debug|Any CPU
		{5E51B665-3189-41EB-9050-5EE487A85BC6}.Release|Any CPU.ActiveCfg = Release|Any CPU
		{5E51B665-3189-41EB-9050-5EE487A85BC6}.Release|Any CPU.Build.0 = Release|Any CPU
		{5E51B665-3189-41EB-9050-5EE487A85BC6}.Release|ARM.ActiveCfg = Release|Any CPU
		{5E51B665-3189-41EB-9050-5EE487A85BC6}.Release|ARM.Build.0 = Release|Any CPU
		{5E51B665-3189-41EB-9050-5EE487A85BC6}.Release|x64.ActiveCfg = Release|Any CPU
		{5E51B665-3189-41EB-9050-5EE487A85BC6}.Release|x64.Build.0 = Release|Any CPU
		{5E51B665-3189-41EB-9050-5EE487A85BC6}.Release|x86.ActiveCfg = Release|Any CPU
		{5E51B665-3189-41EB-9050-5EE487A85BC6}.Release|x86.Build.0 = Release|Any CPU
		{918CAB0B-E422-4BF5-AAE7-1AC963DF932F}.Debug|Any CPU.ActiveCfg = Debug|Any CPU
		{918CAB0B-E422-4BF5-AAE7-1AC963DF932F}.Debug|Any CPU.Build.0 = Debug|Any CPU
		{918CAB0B-E422-4BF5-AAE7-1AC963DF932F}.Debug|ARM.ActiveCfg = Debug|Any CPU
		{918CAB0B-E422-4BF5-AAE7-1AC963DF932F}.Debug|ARM.Build.0 = Debug|Any CPU
		{918CAB0B-E422-4BF5-AAE7-1AC963DF932F}.Debug|x64.ActiveCfg = Debug|Any CPU
		{918CAB0B-E422-4BF5-AAE7-1AC963DF932F}.Debug|x64.Build.0 = Debug|Any CPU
		{918CAB0B-E422-4BF5-AAE7-1AC963DF932F}.Debug|x86.ActiveCfg = Debug|Any CPU
		{918CAB0B-E422-4BF5-AAE7-1AC963DF932F}.Debug|x86.Build.0 = Debug|Any CPU
		{918CAB0B-E422-4BF5-AAE7-1AC963DF932F}.Release|Any CPU.ActiveCfg = Release|Any CPU
		{918CAB0B-E422-4BF5-AAE7-1AC963DF932F}.Release|Any CPU.Build.0 = Release|Any CPU
		{918CAB0B-E422-4BF5-AAE7-1AC963DF932F}.Release|ARM.ActiveCfg = Release|Any CPU
		{918CAB0B-E422-4BF5-AAE7-1AC963DF932F}.Release|ARM.Build.0 = Release|Any CPU
		{918CAB0B-E422-4BF5-AAE7-1AC963DF932F}.Release|x64.ActiveCfg = Release|Any CPU
		{918CAB0B-E422-4BF5-AAE7-1AC963DF932F}.Release|x64.Build.0 = Release|Any CPU
		{918CAB0B-E422-4BF5-AAE7-1AC963DF932F}.Release|x86.ActiveCfg = Release|Any CPU
		{918CAB0B-E422-4BF5-AAE7-1AC963DF932F}.Release|x86.Build.0 = Release|Any CPU
		{31E43129-B51E-408C-97A3-C1CE99A040EB}.Debug|Any CPU.ActiveCfg = Debug|Any CPU
		{31E43129-B51E-408C-97A3-C1CE99A040EB}.Debug|Any CPU.Build.0 = Debug|Any CPU
		{31E43129-B51E-408C-97A3-C1CE99A040EB}.Debug|ARM.ActiveCfg = Debug|Any CPU
		{31E43129-B51E-408C-97A3-C1CE99A040EB}.Debug|ARM.Build.0 = Debug|Any CPU
		{31E43129-B51E-408C-97A3-C1CE99A040EB}.Debug|x64.ActiveCfg = Debug|Any CPU
		{31E43129-B51E-408C-97A3-C1CE99A040EB}.Debug|x64.Build.0 = Debug|Any CPU
		{31E43129-B51E-408C-97A3-C1CE99A040EB}.Debug|x86.ActiveCfg = Debug|Any CPU
		{31E43129-B51E-408C-97A3-C1CE99A040EB}.Debug|x86.Build.0 = Debug|Any CPU
		{31E43129-B51E-408C-97A3-C1CE99A040EB}.Release|Any CPU.ActiveCfg = Release|Any CPU
		{31E43129-B51E-408C-97A3-C1CE99A040EB}.Release|Any CPU.Build.0 = Release|Any CPU
		{31E43129-B51E-408C-97A3-C1CE99A040EB}.Release|ARM.ActiveCfg = Release|Any CPU
		{31E43129-B51E-408C-97A3-C1CE99A040EB}.Release|ARM.Build.0 = Release|Any CPU
		{31E43129-B51E-408C-97A3-C1CE99A040EB}.Release|x64.ActiveCfg = Release|Any CPU
		{31E43129-B51E-408C-97A3-C1CE99A040EB}.Release|x64.Build.0 = Release|Any CPU
		{31E43129-B51E-408C-97A3-C1CE99A040EB}.Release|x86.ActiveCfg = Release|Any CPU
		{31E43129-B51E-408C-97A3-C1CE99A040EB}.Release|x86.Build.0 = Release|Any CPU
		{D457C777-5AC8-476C-B797-1CA3E052564A}.Debug|Any CPU.ActiveCfg = Debug|Any CPU
		{D457C777-5AC8-476C-B797-1CA3E052564A}.Debug|Any CPU.Build.0 = Debug|Any CPU
		{D457C777-5AC8-476C-B797-1CA3E052564A}.Debug|ARM.ActiveCfg = Debug|Any CPU
		{D457C777-5AC8-476C-B797-1CA3E052564A}.Debug|ARM.Build.0 = Debug|Any CPU
		{D457C777-5AC8-476C-B797-1CA3E052564A}.Debug|x64.ActiveCfg = Debug|Any CPU
		{D457C777-5AC8-476C-B797-1CA3E052564A}.Debug|x64.Build.0 = Debug|Any CPU
		{D457C777-5AC8-476C-B797-1CA3E052564A}.Debug|x86.ActiveCfg = Debug|Any CPU
		{D457C777-5AC8-476C-B797-1CA3E052564A}.Debug|x86.Build.0 = Debug|Any CPU
		{D457C777-5AC8-476C-B797-1CA3E052564A}.Release|Any CPU.ActiveCfg = Release|Any CPU
		{D457C777-5AC8-476C-B797-1CA3E052564A}.Release|Any CPU.Build.0 = Release|Any CPU
		{D457C777-5AC8-476C-B797-1CA3E052564A}.Release|ARM.ActiveCfg = Release|Any CPU
		{D457C777-5AC8-476C-B797-1CA3E052564A}.Release|ARM.Build.0 = Release|Any CPU
		{D457C777-5AC8-476C-B797-1CA3E052564A}.Release|x64.ActiveCfg = Release|Any CPU
		{D457C777-5AC8-476C-B797-1CA3E052564A}.Release|x64.Build.0 = Release|Any CPU
		{D457C777-5AC8-476C-B797-1CA3E052564A}.Release|x86.ActiveCfg = Release|Any CPU
		{D457C777-5AC8-476C-B797-1CA3E052564A}.Release|x86.Build.0 = Release|Any CPU
		{5FD1B441-3102-4FAA-8BE2-C2606AF35312}.Debug|Any CPU.ActiveCfg = Debug|Any CPU
		{5FD1B441-3102-4FAA-8BE2-C2606AF35312}.Debug|Any CPU.Build.0 = Debug|Any CPU
		{5FD1B441-3102-4FAA-8BE2-C2606AF35312}.Debug|ARM.ActiveCfg = Debug|Any CPU
		{5FD1B441-3102-4FAA-8BE2-C2606AF35312}.Debug|ARM.Build.0 = Debug|Any CPU
		{5FD1B441-3102-4FAA-8BE2-C2606AF35312}.Debug|x64.ActiveCfg = Debug|Any CPU
		{5FD1B441-3102-4FAA-8BE2-C2606AF35312}.Debug|x64.Build.0 = Debug|Any CPU
		{5FD1B441-3102-4FAA-8BE2-C2606AF35312}.Debug|x86.ActiveCfg = Debug|Any CPU
		{5FD1B441-3102-4FAA-8BE2-C2606AF35312}.Debug|x86.Build.0 = Debug|Any CPU
		{5FD1B441-3102-4FAA-8BE2-C2606AF35312}.Release|Any CPU.ActiveCfg = Release|Any CPU
		{5FD1B441-3102-4FAA-8BE2-C2606AF35312}.Release|Any CPU.Build.0 = Release|Any CPU
		{5FD1B441-3102-4FAA-8BE2-C2606AF35312}.Release|ARM.ActiveCfg = Release|Any CPU
		{5FD1B441-3102-4FAA-8BE2-C2606AF35312}.Release|ARM.Build.0 = Release|Any CPU
		{5FD1B441-3102-4FAA-8BE2-C2606AF35312}.Release|x64.ActiveCfg = Release|Any CPU
		{5FD1B441-3102-4FAA-8BE2-C2606AF35312}.Release|x64.Build.0 = Release|Any CPU
		{5FD1B441-3102-4FAA-8BE2-C2606AF35312}.Release|x86.ActiveCfg = Release|Any CPU
		{5FD1B441-3102-4FAA-8BE2-C2606AF35312}.Release|x86.Build.0 = Release|Any CPU
		{1C09E172-BD5B-4E30-B04B-E34B3872112D}.Debug|Any CPU.ActiveCfg = Debug|Any CPU
		{1C09E172-BD5B-4E30-B04B-E34B3872112D}.Debug|Any CPU.Build.0 = Debug|Any CPU
		{1C09E172-BD5B-4E30-B04B-E34B3872112D}.Debug|ARM.ActiveCfg = Debug|Any CPU
		{1C09E172-BD5B-4E30-B04B-E34B3872112D}.Debug|ARM.Build.0 = Debug|Any CPU
		{1C09E172-BD5B-4E30-B04B-E34B3872112D}.Debug|x64.ActiveCfg = Debug|Any CPU
		{1C09E172-BD5B-4E30-B04B-E34B3872112D}.Debug|x64.Build.0 = Debug|Any CPU
		{1C09E172-BD5B-4E30-B04B-E34B3872112D}.Debug|x86.ActiveCfg = Debug|Any CPU
		{1C09E172-BD5B-4E30-B04B-E34B3872112D}.Debug|x86.Build.0 = Debug|Any CPU
		{1C09E172-BD5B-4E30-B04B-E34B3872112D}.Release|Any CPU.ActiveCfg = Release|Any CPU
		{1C09E172-BD5B-4E30-B04B-E34B3872112D}.Release|Any CPU.Build.0 = Release|Any CPU
		{1C09E172-BD5B-4E30-B04B-E34B3872112D}.Release|ARM.ActiveCfg = Release|Any CPU
		{1C09E172-BD5B-4E30-B04B-E34B3872112D}.Release|ARM.Build.0 = Release|Any CPU
		{1C09E172-BD5B-4E30-B04B-E34B3872112D}.Release|x64.ActiveCfg = Release|Any CPU
		{1C09E172-BD5B-4E30-B04B-E34B3872112D}.Release|x64.Build.0 = Release|Any CPU
		{1C09E172-BD5B-4E30-B04B-E34B3872112D}.Release|x86.ActiveCfg = Release|Any CPU
		{1C09E172-BD5B-4E30-B04B-E34B3872112D}.Release|x86.Build.0 = Release|Any CPU
		{2DF17980-48C5-423C-B254-D743AAC4ACF8}.Debug|Any CPU.ActiveCfg = Debug|Any CPU
		{2DF17980-48C5-423C-B254-D743AAC4ACF8}.Debug|Any CPU.Build.0 = Debug|Any CPU
		{2DF17980-48C5-423C-B254-D743AAC4ACF8}.Debug|ARM.ActiveCfg = Debug|Any CPU
		{2DF17980-48C5-423C-B254-D743AAC4ACF8}.Debug|ARM.Build.0 = Debug|Any CPU
		{2DF17980-48C5-423C-B254-D743AAC4ACF8}.Debug|x64.ActiveCfg = Debug|Any CPU
		{2DF17980-48C5-423C-B254-D743AAC4ACF8}.Debug|x64.Build.0 = Debug|Any CPU
		{2DF17980-48C5-423C-B254-D743AAC4ACF8}.Debug|x86.ActiveCfg = Debug|Any CPU
		{2DF17980-48C5-423C-B254-D743AAC4ACF8}.Debug|x86.Build.0 = Debug|Any CPU
		{2DF17980-48C5-423C-B254-D743AAC4ACF8}.Release|Any CPU.ActiveCfg = Release|Any CPU
		{2DF17980-48C5-423C-B254-D743AAC4ACF8}.Release|Any CPU.Build.0 = Release|Any CPU
		{2DF17980-48C5-423C-B254-D743AAC4ACF8}.Release|ARM.ActiveCfg = Release|Any CPU
		{2DF17980-48C5-423C-B254-D743AAC4ACF8}.Release|ARM.Build.0 = Release|Any CPU
		{2DF17980-48C5-423C-B254-D743AAC4ACF8}.Release|x64.ActiveCfg = Release|Any CPU
		{2DF17980-48C5-423C-B254-D743AAC4ACF8}.Release|x64.Build.0 = Release|Any CPU
		{2DF17980-48C5-423C-B254-D743AAC4ACF8}.Release|x86.ActiveCfg = Release|Any CPU
		{2DF17980-48C5-423C-B254-D743AAC4ACF8}.Release|x86.Build.0 = Release|Any CPU
		{ABA0FE09-7B13-4D8F-A448-0C507A7B60D2}.Debug|Any CPU.ActiveCfg = Debug|Any CPU
		{ABA0FE09-7B13-4D8F-A448-0C507A7B60D2}.Debug|Any CPU.Build.0 = Debug|Any CPU
		{ABA0FE09-7B13-4D8F-A448-0C507A7B60D2}.Debug|ARM.ActiveCfg = Debug|Any CPU
		{ABA0FE09-7B13-4D8F-A448-0C507A7B60D2}.Debug|ARM.Build.0 = Debug|Any CPU
		{ABA0FE09-7B13-4D8F-A448-0C507A7B60D2}.Debug|x64.ActiveCfg = Debug|Any CPU
		{ABA0FE09-7B13-4D8F-A448-0C507A7B60D2}.Debug|x64.Build.0 = Debug|Any CPU
		{ABA0FE09-7B13-4D8F-A448-0C507A7B60D2}.Debug|x86.ActiveCfg = Debug|Any CPU
		{ABA0FE09-7B13-4D8F-A448-0C507A7B60D2}.Debug|x86.Build.0 = Debug|Any CPU
		{ABA0FE09-7B13-4D8F-A448-0C507A7B60D2}.Release|Any CPU.ActiveCfg = Release|Any CPU
		{ABA0FE09-7B13-4D8F-A448-0C507A7B60D2}.Release|Any CPU.Build.0 = Release|Any CPU
		{ABA0FE09-7B13-4D8F-A448-0C507A7B60D2}.Release|ARM.ActiveCfg = Release|Any CPU
		{ABA0FE09-7B13-4D8F-A448-0C507A7B60D2}.Release|ARM.Build.0 = Release|Any CPU
		{ABA0FE09-7B13-4D8F-A448-0C507A7B60D2}.Release|x64.ActiveCfg = Release|Any CPU
		{ABA0FE09-7B13-4D8F-A448-0C507A7B60D2}.Release|x64.Build.0 = Release|Any CPU
		{ABA0FE09-7B13-4D8F-A448-0C507A7B60D2}.Release|x86.ActiveCfg = Release|Any CPU
		{ABA0FE09-7B13-4D8F-A448-0C507A7B60D2}.Release|x86.Build.0 = Release|Any CPU
	EndGlobalSection
	GlobalSection(SolutionProperties) = preSolution
		HideSolutionNode = FALSE
	EndGlobalSection
	GlobalSection(ExtensibilityGlobals) = postSolution
		SolutionGuid = {E28433CF-2259-471A-B9F3-F62178C8F2A5}
	EndGlobalSection
EndGlobal
