{
  "name": "asp.net",
  "version": "1.0.0",
  "lockfileVersion": 1,
  "requires": true,
  "dependencies": {
    "bootstrap": {
      "version": "4.1.3",
      "resolved": "https://registry.npmjs.org/bootstrap/-/bootstrap-4.1.3.tgz",
      "integrity": "sha1-DrNxryyESOjCEEEdDLgkpkCaEr4="
    },
    "bootstrap-colorpicker": {
      "version": "2.5.3",
      "resolved": "https://registry.npmjs.org/bootstrap-colorpicker/-/bootstrap-colorpicker-2.5.3.tgz",
      "integrity": "sha1-tQr/hZD7qmtapjpWJOQhPxZZpJ0=",
      "requires": {
        "jquery": "3.3.1"
      }
    },
    "jquery": {
      "version": "3.3.1",
      "resolved": "https://registry.npmjs.org/jquery/-/jquery-3.3.1.tgz",
      "integrity": "sha1-lYzinoHJeQ8xvneS311NlfxX+8o="
    },
    "jquery-validation": {
      "version": "1.17.0",
      "resolved": "https://registry.npmjs.org/jquery-validation/-/jquery-validation-1.17.0.tgz",
      "integrity": "sha1-q2a2tYPXdAubvRSJk+UOisBB81s=",
      "requires": {
        "jquery": "3.3.1"
      }
    },
    "jquery-validation-unobtrusive": {
      "version": "3.2.9",
      "resolved": "https://registry.npmjs.org/jquery-validation-unobtrusive/-/jquery-validation-unobtrusive-3.2.9.tgz",
      "integrity": "sha1-Z0vsCAQIxUwSoi1CNK05BPR/1dU=",
      "requires": {
        "jquery": "3.3.1",
        "jquery-validation": "1.17.0"
      }
    },
    "metismenu": {
      "version": "3.0.3",
      "resolved": "https://registry.npmjs.org/metismenu/-/metismenu-3.0.3.tgz",
      "integrity": "sha512-nd3+yxSivGG0a5JZJxzlbXQv9aovf1yLjIYfa/s49PrvgTLlJsoe90kw9RbA6RPbPatJxENX0CegX4Hlbfaw8w=="
    },
    "popper.js": {
      "version": "1.14.4",
      "resolved": "https://registry.npmjs.org/popper.js/-/popper.js-1.14.4.tgz",
      "integrity": "sha1-juwdj/AqWjoVLdQ0FKFce3n9abY="
    },
    "startbootstrap-sb-admin-2": {
      "version": "3.3.7",
      "resolved": "https://registry.npmjs.org/startbootstrap-sb-admin-2/-/startbootstrap-sb-admin-2-3.3.7.tgz",
      "integrity": "sha1-C49fGpD4B6QsBBx0ftl7T9561oE="
    }
  }
}
